// !$*UTF8*$!
{
	archiveVersion = 1;
	classes = {
	};
	objectVersion = 55;
	objects = {

/* Begin PBXBuildFile section */
		6E49A7D027BEBB0D0076DB80 /* AppDelegate.swift in Sources */ = {isa = PBXBuildFile; fileRef = 6E49A7CF27BEBB0D0076DB80 /* AppDelegate.swift */; };
		6E49A7D227BEBB0E0076DB80 /* SceneDelegate.swift in Sources */ = {isa = PBXBuildFile; fileRef = 6E49A7D127BEBB0E0076DB80 /* SceneDelegate.swift */; };
		6E49A7D427BEBB0E0076DB80 /* ViewController.swift in Sources */ = {isa = PBXBuildFile; fileRef = 6E49A7D327BEBB0E0076DB80 /* ViewController.swift */; };
		6E49A7D727BEBB0E0076DB80 /* Main.storyboard in Resources */ = {isa = PBXBuildFile; fileRef = 6E49A7D527BEBB0E0076DB80 /* Main.storyboard */; };
		6E49A7D927BEBB100076DB80 /* Assets.xcassets in Resources */ = {isa = PBXBuildFile; fileRef = 6E49A7D827BEBB100076DB80 /* Assets.xcassets */; };
		6E49A7DC27BEBB100076DB80 /* LaunchScreen.storyboard in Resources */ = {isa = PBXBuildFile; fileRef = 6E49A7DA27BEBB100076DB80 /* LaunchScreen.storyboard */; };
		6E49A7E427BEBC640076DB80 /* ImageDetailVC.swift in Sources */ = {isa = PBXBuildFile; fileRef = 6E49A7E327BEBC640076DB80 /* ImageDetailVC.swift */; };
		6E49A7E727BEBC970076DB80 /* ImageCVC.swift in Sources */ = {isa = PBXBuildFile; fileRef = 6E49A7E527BEBC970076DB80 /* ImageCVC.swift */; };
		6E49A7E827BEBC970076DB80 /* ImageCVC.xib in Resources */ = {isa = PBXBuildFile; fileRef = 6E49A7E627BEBC970076DB80 /* ImageCVC.xib */; };
		6E49A7EA27BEBD240076DB80 /* Extension+UIViewController.swift in Sources */ = {isa = PBXBuildFile; fileRef = 6E49A7E927BEBD240076DB80 /* Extension+UIViewController.swift */; };
		6E49A7ED27BEBF240076DB80 /* Kingfisher in Frameworks */ = {isa = PBXBuildFile; productRef = 6E49A7EC27BEBF240076DB80 /* Kingfisher */; };
		6E49A7EF27BEC3570076DB80 /* HomeViewModel.swift in Sources */ = {isa = PBXBuildFile; fileRef = 6E49A7EE27BEC3570076DB80 /* HomeViewModel.swift */; };
		6E49A7F227BEC3CC0076DB80 /* Hits.swift in Sources */ = {isa = PBXBuildFile; fileRef = 6E49A7F027BEC3CC0076DB80 /* Hits.swift */; };
		6E49A7F327BEC3CC0076DB80 /* GalleryModel.swift in Sources */ = {isa = PBXBuildFile; fileRef = 6E49A7F127BEC3CC0076DB80 /* GalleryModel.swift */; };
/* End PBXBuildFile section */

/* Begin PBXFileReference section */
		6E49A7CC27BEBB0D0076DB80 /* AirLiftTask.app */ = {isa = PBXFileReference; explicitFileType = wrapper.application; includeInIndex = 0; path = AirLiftTask.app; sourceTree = BUILT_PRODUCTS_DIR; };
		6E49A7CF27BEBB0D0076DB80 /* AppDelegate.swift */ = {isa = PBXFileReference; lastKnownFileType = sourcecode.swift; path = AppDelegate.swift; sourceTree = "<group>"; };
		6E49A7D127BEBB0E0076DB80 /* SceneDelegate.swift */ = {isa = PBXFileReference; lastKnownFileType = sourcecode.swift; path = SceneDelegate.swift; sourceTree = "<group>"; };
		6E49A7D327BEBB0E0076DB80 /* ViewController.swift */ = {isa = PBXFileReference; lastKnownFileType = sourcecode.swift; path = ViewController.swift; sourceTree = "<group>"; };
		6E49A7D627BEBB0E0076DB80 /* Base */ = {isa = PBXFileReference; lastKnownFileType = file.storyboard; name = Base; path = Base.lproj/Main.storyboard; sourceTree = "<group>"; };
		6E49A7D827BEBB100076DB80 /* Assets.xcassets */ = {isa = PBXFileReference; lastKnownFileType = folder.assetcatalog; path = Assets.xcassets; sourceTree = "<group>"; };
		6E49A7DB27BEBB100076DB80 /* Base */ = {isa = PBXFileReference; lastKnownFileType = file.storyboard; name = Base; path = Base.lproj/LaunchScreen.storyboard; sourceTree = "<group>"; };
		6E49A7DD27BEBB100076DB80 /* Info.plist */ = {isa = PBXFileReference; lastKnownFileType = text.plist.xml; path = Info.plist; sourceTree = "<group>"; };
		6E49A7E327BEBC640076DB80 /* ImageDetailVC.swift */ = {isa = PBXFileReference; lastKnownFileType = sourcecode.swift; path = ImageDetailVC.swift; sourceTree = "<group>"; };
		6E49A7E527BEBC970076DB80 /* ImageCVC.swift */ = {isa = PBXFileReference; lastKnownFileType = sourcecode.swift; path = ImageCVC.swift; sourceTree = "<group>"; };
		6E49A7E627BEBC970076DB80 /* ImageCVC.xib */ = {isa = PBXFileReference; lastKnownFileType = file.xib; path = ImageCVC.xib; sourceTree = "<group>"; };
		6E49A7E927BEBD240076DB80 /* Extension+UIViewController.swift */ = {isa = PBXFileReference; lastKnownFileType = sourcecode.swift; path = "Extension+UIViewController.swift"; sourceTree = "<group>"; };
		6E49A7EE27BEC3570076DB80 /* HomeViewModel.swift */ = {isa = PBXFileReference; lastKnownFileType = sourcecode.swift; path = HomeViewModel.swift; sourceTree = "<group>"; };
		6E49A7F027BEC3CC0076DB80 /* Hits.swift */ = {isa = PBXFileReference; fileEncoding = 4; lastKnownFileType = sourcecode.swift; path = Hits.swift; sourceTree = "<group>"; };
		6E49A7F127BEC3CC0076DB80 /* GalleryModel.swift */ = {isa = PBXFileReference; fileEncoding = 4; lastKnownFileType = sourcecode.swift; path = GalleryModel.swift; sourceTree = "<group>"; };
/* End PBXFileReference section */

/* Begin PBXFrameworksBuildPhase section */
		6E49A7C927BEBB0D0076DB80 /* Frameworks */ = {
			isa = PBXFrameworksBuildPhase;
			buildActionMask = 2147483647;
			files = (
				6E49A7ED27BEBF240076DB80 /* Kingfisher in Frameworks */,
			);
			runOnlyForDeploymentPostprocessing = 0;
		};
/* End PBXFrameworksBuildPhase section */

/* Begin PBXGroup section */
		6E49A7C327BEBB0D0076DB80 = {
			isa = PBXGroup;
			children = (
				6E49A7CE27BEBB0D0076DB80 /* AirLiftTask */,
				6E49A7CD27BEBB0D0076DB80 /* Products */,
			);
			sourceTree = "<group>";
		};
		6E49A7CD27BEBB0D0076DB80 /* Products */ = {
			isa = PBXGroup;
			children = (
				6E49A7CC27BEBB0D0076DB80 /* AirLiftTask.app */,
			);
			name = Products;
			sourceTree = "<group>";
		};
		6E49A7CE27BEBB0D0076DB80 /* AirLiftTask */ = {
			isa = PBXGroup;
			children = (
				6E49A7CF27BEBB0D0076DB80 /* AppDelegate.swift */,
				6E49A7D127BEBB0E0076DB80 /* SceneDelegate.swift */,
				6E49A7F527BEC5490076DB80 /* Controllers */,
				6E49A7F727BEC5610076DB80 /* Views */,
				6E49A7F627BEC5540076DB80 /* Models */,
				6E49A7D827BEBB100076DB80 /* Assets.xcassets */,
				6E49A7DD27BEBB100076DB80 /* Info.plist */,
				6E49A7F427BEC5370076DB80 /* Helper */,
				6E49A7F827BEC5680076DB80 /* ViewModels */,
			);
			path = AirLiftTask;
			sourceTree = "<group>";
		};
		6E49A7F427BEC5370076DB80 /* Helper */ = {
			isa = PBXGroup;
			children = (
				6E49A7E927BEBD240076DB80 /* Extension+UIViewController.swift */,
			);
			path = Helper;
			sourceTree = "<group>";
		};
		6E49A7F527BEC5490076DB80 /* Controllers */ = {
			isa = PBXGroup;
			children = (
				6E49A7D327BEBB0E0076DB80 /* ViewController.swift */,
				6E49A7E527BEBC970076DB80 /* ImageCVC.swift */,
				6E49A7E627BEBC970076DB80 /* ImageCVC.xib */,
				6E49A7E327BEBC640076DB80 /* ImageDetailVC.swift */,
			);
			path = Controllers;
			sourceTree = "<group>";
		};
		6E49A7F627BEC5540076DB80 /* Models */ = {
			isa = PBXGroup;
			children = (
				6E49A7F127BEC3CC0076DB80 /* GalleryModel.swift */,
				6E49A7F027BEC3CC0076DB80 /* Hits.swift */,
			);
			path = Models;
			sourceTree = "<group>";
		};
		6E49A7F727BEC5610076DB80 /* Views */ = {
			isa = PBXGroup;
			children = (
				6E49A7D527BEBB0E0076DB80 /* Main.storyboard */,
				6E49A7DA27BEBB100076DB80 /* LaunchScreen.storyboard */,
			);
			path = Views;
			sourceTree = "<group>";
		};
		6E49A7F827BEC5680076DB80 /* ViewModels */ = {
			isa = PBXGroup;
			children = (
				6E49A7EE27BEC3570076DB80 /* HomeViewModel.swift */,
			);
			path = ViewModels;
			sourceTree = "<group>";
		};
/* End PBXGroup section */

/* Begin PBXNativeTarget section */
		6E49A7CB27BEBB0D0076DB80 /* AirLiftTask */ = {
			isa = PBXNativeTarget;
			buildConfigurationList = 6E49A7E027BEBB100076DB80 /* Build configuration list for PBXNativeTarget "AirLiftTask" */;
			buildPhases = (
				6E49A7C827BEBB0D0076DB80 /* Sources */,
				6E49A7C927BEBB0D0076DB80 /* Frameworks */,
				6E49A7CA27BEBB0D0076DB80 /* Resources */,
			);
			buildRules = (
			);
			dependencies = (
			);
			name = AirLiftTask;
			packageProductDependencies = (
				6E49A7EC27BEBF240076DB80 /* Kingfisher */,
			);
			productName = AirLiftTask;
			productReference = 6E49A7CC27BEBB0D0076DB80 /* AirLiftTask.app */;
			productType = "com.apple.product-type.application";
		};
/* End PBXNativeTarget section */

/* Begin PBXProject section */
		6E49A7C427BEBB0D0076DB80 /* Project object */ = {
			isa = PBXProject;
			attributes = {
				BuildIndependentTargetsInParallel = 1;
				LastSwiftUpdateCheck = 1310;
				LastUpgradeCheck = 1310;
				TargetAttributes = {
					6E49A7CB27BEBB0D0076DB80 = {
						CreatedOnToolsVersion = 13.1;
					};
				};
			};
			buildConfigurationList = 6E49A7C727BEBB0D0076DB80 /* Build configuration list for PBXProject "AirLiftTask" */;
			compatibilityVersion = "Xcode 13.0";
			developmentRegion = en;
			hasScannedForEncodings = 0;
			knownRegions = (
				en,
				Base,
			);
			mainGroup = 6E49A7C327BEBB0D0076DB80;
			packageReferences = (
				6E49A7EB27BEBF240076DB80 /* XCRemoteSwiftPackageReference "Kingfisher" */,
			);
			productRefGroup = 6E49A7CD27BEBB0D0076DB80 /* Products */;
			projectDirPath = "";
			projectRoot = "";
			targets = (
				6E49A7CB27BEBB0D0076DB80 /* AirLiftTask */,
			);
		};
/* End PBXProject section */

/* Begin PBXResourcesBuildPhase section */
		6E49A7CA27BEBB0D0076DB80 /* Resources */ = {
			isa = PBXResourcesBuildPhase;
			buildActionMask = 2147483647;
			files = (
				6E49A7E827BEBC970076DB80 /* ImageCVC.xib in Resources */,
				6E49A7DC27BEBB100076DB80 /* LaunchScreen.storyboard in Resources */,
				6E49A7D927BEBB100076DB80 /* Assets.xcassets in Resources */,
				6E49A7D727BEBB0E0076DB80 /* Main.storyboard in Resources */,
			);
			runOnlyForDeploymentPostprocessing = 0;
		};
/* End PBXResourcesBuildPhase section */

/* Begin PBXSourcesBuildPhase section */
		6E49A7C827BEBB0D0076DB80 /* Sources */ = {
			isa = PBXSourcesBuildPhase;
			buildActionMask = 2147483647;
			files = (
				6E49A7D427BEBB0E0076DB80 /* ViewController.swift in Sources */,
				6E49A7F327BEC3CC0076DB80 /* GalleryModel.swift in Sources */,
				6E49A7E427BEBC640076DB80 /* ImageDetailVC.swift in Sources */,
				6E49A7EF27BEC3570076DB80 /* HomeViewModel.swift in Sources */,
				6E49A7EA27BEBD240076DB80 /* Extension+UIViewController.swift in Sources */,
				6E49A7D027BEBB0D0076DB80 /* AppDelegate.swift in Sources */,
				6E49A7F227BEC3CC0076DB80 /* Hits.swift in Sources */,
				6E49A7D227BEBB0E0076DB80 /* SceneDelegate.swift in Sources */,
				6E49A7E727BEBC970076DB80 /* ImageCVC.swift in Sources */,
			);
			runOnlyForDeploymentPostprocessing = 0;
		};
/* End PBXSourcesBuildPhase section */

/* Begin PBXVariantGroup section */
		6E49A7D527BEBB0E0076DB80 /* Main.storyboard */ = {
			isa = PBXVariantGroup;
			children = (
				6E49A7D627BEBB0E0076DB80 /* Base */,
			);
			name = Main.storyboard;
			sourceTree = "<group>";
		};
		6E49A7DA27BEBB100076DB80 /* LaunchScreen.storyboard */ = {
			isa = PBXVariantGroup;
			children = (
				6E49A7DB27BEBB100076DB80 /* Base */,
			);
			name = LaunchScreen.storyboard;
			sourceTree = "<group>";
		};
/* End PBXVariantGroup section */

/* Begin XCBuildConfiguration section */
		6E49A7DE27BEBB100076DB80 /* Debug */ = {
			isa = XCBuildConfiguration;
			buildSettings = {
				ALWAYS_SEARCH_USER_PATHS = NO;
				CLANG_ANALYZER_NONNULL = YES;
				CLANG_ANALYZER_NUMBER_OBJECT_CONVERSION = YES_AGGRESSIVE;
				CLANG_CXX_LANGUAGE_STANDARD = "gnu++17";
				CLANG_CXX_LIBRARY = "libc++";
				CLANG_ENABLE_MODULES = YES;
				CLANG_ENABLE_OBJC_ARC = YES;
				CLANG_ENABLE_OBJC_WEAK = YES;
				CLANG_WARN_BLOCK_CAPTURE_AUTORELEASING = YES;
				CLANG_WARN_BOOL_CONVERSION = YES;
				CLANG_WARN_COMMA = YES;
				CLANG_WARN_CONSTANT_CONVERSION = YES;
				CLANG_WARN_DEPRECATED_OBJC_IMPLEMENTATIONS = YES;
				CLANG_WARN_DIRECT_OBJC_ISA_USAGE = YES_ERROR;
				CLANG_WARN_DOCUMENTATION_COMMENTS = YES;
				CLANG_WARN_EMPTY_BODY = YES;
				CLANG_WARN_ENUM_CONVERSION = YES;
				CLANG_WARN_INFINITE_RECURSION = YES;
				CLANG_WARN_INT_CONVERSION = YES;
				CLANG_WARN_NON_LITERAL_NULL_CONVERSION = YES;
				CLANG_WARN_OBJC_IMPLICIT_RETAIN_SELF = YES;
				CLANG_WARN_OBJC_LITERAL_CONVERSION = YES;
				CLANG_WARN_OBJC_ROOT_CLASS = YES_ERROR;
				CLANG_WARN_QUOTED_INCLUDE_IN_FRAMEWORK_HEADER = YES;
				CLANG_WARN_RANGE_LOOP_ANALYSIS = YES;
				CLANG_WARN_STRICT_PROTOTYPES = YES;
				CLANG_WARN_SUSPICIOUS_MOVE = YES;
				CLANG_WARN_UNGUARDED_AVAILABILITY = YES_AGGRESSIVE;
				CLANG_WARN_UNREACHABLE_CODE = YES;
				CLANG_WARN__DUPLICATE_METHOD_MATCH = YES;
				COPY_PHASE_STRIP = NO;
				DEBUG_INFORMATION_FORMAT = dwarf;
				ENABLE_STRICT_OBJC_MSGSEND = YES;
				ENABLE_TESTABILITY = YES;
				GCC_C_LANGUAGE_STANDARD = gnu11;
				GCC_DYNAMIC_NO_PIC = NO;
				GCC_NO_COMMON_BLOCKS = YES;
				GCC_OPTIMIZATION_LEVEL = 0;
				GCC_PREPROCESSOR_DEFINITIONS = (
					"DEBUG=1",
					"$(inherited)",
				);
				GCC_WARN_64_TO_32_BIT_CONVERSION = YES;
				GCC_WARN_ABOUT_RETURN_TYPE = YES_ERROR;
				GCC_WARN_UNDECLARED_SELECTOR = YES;
				GCC_WARN_UNINITIALIZED_AUTOS = YES_AGGRESSIVE;
				GCC_WARN_UNUSED_FUNCTION = YES;
				GCC_WARN_UNUSED_VARIABLE = YES;
				IPHONEOS_DEPLOYMENT_TARGET = 15.0;
				MTL_ENABLE_DEBUG_INFO = INCLUDE_SOURCE;
				MTL_FAST_MATH = YES;
				ONLY_ACTIVE_ARCH = YES;
				SDKROOT = iphoneos;
				SWIFT_ACTIVE_COMPILATION_CONDITIONS = DEBUG;
				SWIFT_OPTIMIZATION_LEVEL = "-Onone";
			};
			name = Debug;
		};
		6E49A7DF27BEBB100076DB80 /* Release */ = {
			isa = XCBuildConfiguration;
			buildSettings = {
				ALWAYS_SEARCH_USER_PATHS = NO;
				CLANG_ANALYZER_NONNULL = YES;
				CLANG_ANALYZER_NUMBER_OBJECT_CONVERSION = YES_AGGRESSIVE;
				CLANG_CXX_LANGUAGE_STANDARD = "gnu++17";
				CLANG_CXX_LIBRARY = "libc++";
				CLANG_ENABLE_MODULES = YES;
				CLANG_ENABLE_OBJC_ARC = YES;
				CLANG_ENABLE_OBJC_WEAK = YES;
				CLANG_WARN_BLOCK_CAPTURE_AUTORELEASING = YES;
				CLANG_WARN_BOOL_CONVERSION = YES;
				CLANG_WARN_COMMA = YES;
				CLANG_WARN_CONSTANT_CONVERSION = YES;
				CLANG_WARN_DEPRECATED_OBJC_IMPLEMENTATIONS = YES;
				CLANG_WARN_DIRECT_OBJC_ISA_USAGE = YES_ERROR;
				CLANG_WARN_DOCUMENTATION_COMMENTS = YES;
				CLANG_WARN_EMPTY_BODY = YES;
				CLANG_WARN_ENUM_CONVERSION = YES;
				CLANG_WARN_INFINITE_RECURSION = YES;
				CLANG_WARN_INT_CONVERSION = YES;
				CLANG_WARN_NON_LITERAL_NULL_CONVERSION = YES;
				CLANG_WARN_OBJC_IMPLICIT_RETAIN_SELF = YES;
				CLANG_WARN_OBJC_LITERAL_CONVERSION = YES;
				CLANG_WARN_OBJC_ROOT_CLASS = YES_ERROR;
				CLANG_WARN_QUOTED_INCLUDE_IN_FRAMEWORK_HEADER = YES;
				CLANG_WARN_RANGE_LOOP_ANALYSIS = YES;
				CLANG_WARN_STRICT_PROTOTYPES = YES;
				CLANG_WARN_SUSPICIOUS_MOVE = YES;
				CLANG_WARN_UNGUARDED_AVAILABILITY = YES_AGGRESSIVE;
				CLANG_WARN_UNREACHABLE_CODE = YES;
				CLANG_WARN__DUPLICATE_METHOD_MATCH = YES;
				COPY_PHASE_STRIP = NO;
				DEBUG_INFORMATION_FORMAT = "dwarf-with-dsym";
				ENABLE_NS_ASSERTIONS = NO;
				ENABLE_STRICT_OBJC_MSGSEND = YES;
				GCC_C_LANGUAGE_STANDARD = gnu11;
				GCC_NO_COMMON_BLOCKS = YES;
				GCC_WARN_64_TO_32_BIT_CONVERSION = YES;
				GCC_WARN_ABOUT_RETURN_TYPE = YES_ERROR;
				GCC_WARN_UNDECLARED_SELECTOR = YES;
				GCC_WARN_UNINITIALIZED_AUTOS = YES_AGGRESSIVE;
				GCC_WARN_UNUSED_FUNCTION = YES;
				GCC_WARN_UNUSED_VARIABLE = YES;
				IPHONEOS_DEPLOYMENT_TARGET = 15.0;
				MTL_ENABLE_DEBUG_INFO = NO;
				MTL_FAST_MATH = YES;
				SDKROOT = iphoneos;
				SWIFT_COMPILATION_MODE = wholemodule;
				SWIFT_OPTIMIZATION_LEVEL = "-O";
				VALIDATE_PRODUCT = YES;
			};
			name = Release;
		};
		6E49A7E127BEBB100076DB80 /* Debug */ = {
			isa = XCBuildConfiguration;
			buildSettings = {
				ASSETCATALOG_COMPILER_APPICON_NAME = AppIcon;
				ASSETCATALOG_COMPILER_GLOBAL_ACCENT_COLOR_NAME = AccentColor;
				CODE_SIGN_STYLE = Automatic;
				CURRENT_PROJECT_VERSION = 1;
				DEVELOPMENT_TEAM = 78T6UPLU6S;
				GENERATE_INFOPLIST_FILE = YES;
				INFOPLIST_FILE = AirLiftTask/Info.plist;
				INFOPLIST_KEY_UIApplicationSupportsIndirectInputEvents = YES;
				INFOPLIST_KEY_UILaunchStoryboardName = LaunchScreen;
				INFOPLIST_KEY_UIMainStoryboardFile = Main;
				INFOPLIST_KEY_UISupportedInterfaceOrientations_iPad = "UIInterfaceOrientationPortrait UIInterfaceOrientationPortraitUpsideDown UIInterfaceOrientationLandscapeLeft UIInterfaceOrientationLandscapeRight";
				INFOPLIST_KEY_UISupportedInterfaceOrientations_iPhone = "UIInterfaceOrientationPortrait UIInterfaceOrientationLandscapeLeft UIInterfaceOrientationLandscapeRight";
				LD_RUNPATH_SEARCH_PATHS = (
					"$(inherited)",
					"@executable_path/Frameworks",
				);
				MARKETING_VERSION = 1.0;
				PRODUCT_BUNDLE_IDENTIFIER = com..AirLiftTask;
				PRODUCT_NAME = "$(TARGET_NAME)";
				SWIFT_EMIT_LOC_STRINGS = YES;
				SWIFT_VERSION = 5.0;
				TARGETED_DEVICE_FAMILY = "1,2";
			};
			name = Debug;
		};
		6E49A7E227BEBB100076DB80 /* Release */ = {
			isa = XCBuildConfiguration;
			buildSettings = {
				ASSETCATALOG_COMPILER_APPICON_NAME = AppIcon;
				ASSETCATALOG_COMPILER_GLOBAL_ACCENT_COLOR_NAME = AccentColor;
				CODE_SIGN_STYLE = Automatic;
				CURRENT_PROJECT_VERSION = 1;
				DEVELOPMENT_TEAM = 78T6UPLU6S;
				GENERATE_INFOPLIST_FILE = YES;
				INFOPLIST_FILE = AirLiftTask/Info.plist;
				INFOPLIST_KEY_UIApplicationSupportsIndirectInputEvents = YES;
				INFOPLIST_KEY_UILaunchStoryboardName = LaunchScreen;
				INFOPLIST_KEY_UIMainStoryboardFile = Main;
				INFOPLIST_KEY_UISupportedInterfaceOrientations_iPad = "UIInterfaceOrientationPortrait UIInterfaceOrientationPortraitUpsideDown UIInterfaceOrientationLandscapeLeft UIInterfaceOrientationLandscapeRight";
				INFOPLIST_KEY_UISupportedInterfaceOrientations_iPhone = "UIInterfaceOrientationPortrait UIInterfaceOrientationLandscapeLeft UIInterfaceOrientationLandscapeRight";
				LD_RUNPATH_SEARCH_PATHS = (
					"$(inherited)",
					"@executable_path/Frameworks",
				);
				MARKETING_VERSION = 1.0;
				PRODUCT_BUNDLE_IDENTIFIER = com..AirLiftTask;
				PRODUCT_NAME = "$(TARGET_NAME)";
				SWIFT_EMIT_LOC_STRINGS = YES;
				SWIFT_VERSION = 5.0;
				TARGETED_DEVICE_FAMILY = "1,2";
			};
			name = Release;
		};
/* End XCBuildConfiguration section */

/* Begin XCConfigurationList section */
		6E49A7C727BEBB0D0076DB80 /* Build configuration list for PBXProject "AirLiftTask" */ = {
			isa = XCConfigurationList;
			buildConfigurations = (
				6E49A7DE27BEBB100076DB80 /* Debug */,
				6E49A7DF27BEBB100076DB80 /* Release */,
			);
			defaultConfigurationIsVisible = 0;
			defaultConfigurationName = Release;
		};
		6E49A7E027BEBB100076DB80 /* Build configuration list for PBXNativeTarget "AirLiftTask" */ = {
			isa = XCConfigurationList;
			buildConfigurations = (
				6E49A7E127BEBB100076DB80 /* Debug */,
				6E49A7E227BEBB100076DB80 /* Release */,
			);
			defaultConfigurationIsVisible = 0;
			defaultConfigurationName = Release;
		};
/* End XCConfigurationList section */

/* Begin XCRemoteSwiftPackageReference section */
		6E49A7EB27BEBF240076DB80 /* XCRemoteSwiftPackageReference "Kingfisher" */ = {
			isa = XCRemoteSwiftPackageReference;
			repositoryURL = "https://github.com/onevcat/Kingfisher.git";
			requirement = {
				kind = upToNextMajorVersion;
				minimumVersion = 7.0.0;
			};
		};
/* End XCRemoteSwiftPackageReference section */

/* Begin XCSwiftPackageProductDependency section */
		6E49A7EC27BEBF240076DB80 /* Kingfisher */ = {
			isa = XCSwiftPackageProductDependency;
			package = 6E49A7EB27BEBF240076DB80 /* XCRemoteSwiftPackageReference "Kingfisher" */;
			productName = Kingfisher;
		};
/* End XCSwiftPackageProductDependency section */
	};
	rootObject = 6E49A7C427BEBB0D0076DB80 /* Project object */;
}
